<?xml version="1.0" encoding="utf-8"?>
<Project ToolsVersion="4.0" xmlns="http://schemas.microsoft.com/developer/msbuild/2003">
  <ItemGroup>
    <Filter Include="Source Files">
      <UniqueIdentifier>{4FC737F1-C7A5-4376-A066-2A32D752A2FF}</UniqueIdentifier>
      <Extensions>cpp;c;cc;cxx;c++;cppm;ixx;def;odl;idl;hpj;bat;asm;asmx</Extensions>
    </Filter>
    <Filter Include="Source Files\Shaders">
      <UniqueIdentifier>{d3a57f36-47d1-4dfe-9038-aeb664988d4d}</UniqueIdentifier>
    </Filter>
    <Filter Include="Source Files\Scene">
      <UniqueIdentifier>{138d0a15-0f06-42dc-8187-6a0da1b9286b}</UniqueIdentifier>
    </Filter>
    <Filter Include="Source Files\Graphics">
      <UniqueIdentifier>{0b6aa140-6804-45ac-99c7-96de340b3580}</UniqueIdentifier>
    </Filter>
    <Filter Include="Source Files\Scene\Camera">
      <UniqueIdentifier>{9b72b3fb-b57e-47f8-a88e-53e31abe58b3}</UniqueIdentifier>
    </Filter>
    <Filter Include="Source Files\App">
      <UniqueIdentifier>{07b99bd1-9b04-4306-b692-021e4338fa9f}</UniqueIdentifier>
    </Filter>
    <Filter Include="Source Files\Graphics\Window">
      <UniqueIdentifier>{57e283cf-674d-443c-9f74-aafdc0f35fc2}</UniqueIdentifier>
    </Filter>
    <Filter Include="Source Files\Input">
      <UniqueIdentifier>{a641f35d-5cef-4ebe-bd13-07c0b06a6c16}</UniqueIdentifier>
    </Filter>
    <Filter Include="Source Files\Graphics\Scene">
      <UniqueIdentifier>{6661b79d-acd0-40d1-b459-652a4330b406}</UniqueIdentifier>
    </Filter>
    <Filter Include="Source Files\Graphics\Scene\RayTracer">
      <UniqueIdentifier>{8cd540a1-e738-4b68-b195-3aaade273d2b}</UniqueIdentifier>
    </Filter>
    <Filter Include="Source Files\Graphics\Scene\Camera">
      <UniqueIdentifier>{e02d36a4-b5f0-45ec-be6e-da3a6bc6d5ab}</UniqueIdentifier>
    </Filter>
  </ItemGroup>
  <ItemGroup>
    <ClCompile Include="src\main.cpp">
      <Filter>Source Files</Filter>
    </ClCompile>
    <ClCompile Include="src\Scene\Camera.ixx">
      <Filter>Source Files\Scene\Camera</Filter>
    </ClCompile>
    <ClCompile Include="src\Scene\Camera.cpp">
      <Filter>Source Files\Scene\Camera</Filter>
    </ClCompile>
    <ClCompile Include="src\Scene\Scene.ixx">
      <Filter>Source Files\Scene</Filter>
    </ClCompile>
    <ClCompile Include="src\Scene\Scene.cpp">
      <Filter>Source Files\Scene</Filter>
    </ClCompile>
    <ClCompile Include="src\App.ixx">
      <Filter>Source Files\App</Filter>
    </ClCompile>
    <ClCompile Include="src\App.cpp">
      <Filter>Source Files\App</Filter>
    </ClCompile>
    <ClCompile Include="src\Graphics\Graphics.ixx">
      <Filter>Source Files\Graphics</Filter>
    </ClCompile>
    <ClCompile Include="src\Graphics\Graphics.cpp">
      <Filter>Source Files\Graphics</Filter>
    </ClCompile>
    <ClCompile Include="src\Graphics\Window.ixx">
      <Filter>Source Files\Graphics\Window</Filter>
    </ClCompile>
    <ClCompile Include="src\Graphics\Window.cpp">
      <Filter>Source Files\Graphics\Window</Filter>
    </ClCompile>
    <ClCompile Include="src\Graphics\RayTracer.ixx">
      <Filter>Source Files\Graphics\Scene\RayTracer</Filter>
    </ClCompile>
    <ClCompile Include="src\Graphics\RayTracer.cpp">
      <Filter>Source Files\Graphics\Scene\RayTracer</Filter>
    </ClCompile>
    <ClCompile Include="src\Graphics\Scene.cpp">
      <Filter>Source Files\Graphics\Scene</Filter>
    </ClCompile>
    <ClCompile Include="src\Graphics\Scene.ixx">
      <Filter>Source Files\Graphics\Scene</Filter>
    </ClCompile>
    <ClCompile Include="src\Graphics\Camera.ixx">
      <Filter>Source Files\Graphics\Scene\Camera</Filter>
    </ClCompile>
    <ClCompile Include="src\Graphics\Camera.cpp">
      <Filter>Source Files\Graphics\Scene\Camera</Filter>
    </ClCompile>
  </ItemGroup>
  <ItemGroup>
    <FxCompile Include="src\Shaders\RayVS.hlsl">
      <Filter>Source Files\Shaders</Filter>
    </FxCompile>
    <FxCompile Include="src\Shaders\RayPS.hlsl">
      <Filter>Source Files\Shaders</Filter>
    </FxCompile>
  </ItemGroup>
</Project>