<?xml version="1.0" encoding="utf-8"?>
<Project ToolsVersion="4.0" xmlns="http://schemas.microsoft.com/developer/msbuild/2003">
  <ItemGroup>
    <Filter Include="Source Files">
      <UniqueIdentifier>{4FC737F1-C7A5-4376-A066-2A32D752A2FF}</UniqueIdentifier>
      <Extensions>cpp;c;cc;cxx;c++;cppm;ixx;def;odl;idl;hpj;bat;asm;asmx</Extensions>
    </Filter>
    <Filter Include="Source Files\Shaders">
      <UniqueIdentifier>{e5b7943e-5d86-4b55-bd2b-06e7b4542328}</UniqueIdentifier>
    </Filter>
  </ItemGroup>
  <ItemGroup>
    <ClCompile Include="src\main.cpp">
      <Filter>Source Files</Filter>
    </ClCompile>
    <ClCompile Include="src\FullscreenRenderer.ixx">
      <Filter>Source Files</Filter>
    </ClCompile>
    <ClCompile Include="src\FullscreenRenderer.cpp">
      <Filter>Source Files</Filter>
    </ClCompile>
    <ClCompile Include="src\Camera.ixx">
      <Filter>Source Files</Filter>
    </ClCompile>
    <ClCompile Include="src\Math.ixx">
      <Filter>Source Files</Filter>
    </ClCompile>
    <ClCompile Include="src\BoxSet.ixx">
      <Filter>Source Files</Filter>
    </ClCompile>
    <ClCompile Include="src\State.ixx">
      <Filter>Source Files</Filter>
    </ClCompile>
  </ItemGroup>
  <ItemGroup>
    <FxCompile Include="src\Shaders\RayVS.hlsl">
      <Filter>Source Files\Shaders</Filter>
    </FxCompile>
    <FxCompile Include="src\Shaders\RayPS.hlsl">
      <Filter>Source Files\Shaders</Filter>
    </FxCompile>
    <FxCompile Include="src\Shaders\DenoiseVS.hlsl">
      <Filter>Source Files\Shaders</Filter>
    </FxCompile>
    <FxCompile Include="src\Shaders\DenoisePS.hlsl">
      <Filter>Source Files\Shaders</Filter>
    </FxCompile>
  </ItemGroup>
  <ItemGroup>
    <None Include="src\Shaders\Ray_math.hlsli">
      <Filter>Source Files\Shaders</Filter>
    </None>
    <None Include="src\Shaders\Ray_trace.hlsli">
      <Filter>Source Files\Shaders</Filter>
    </None>
    <None Include="src\Shaders\Ray_sky.hlsli">
      <Filter>Source Files\Shaders</Filter>
    </None>
    <None Include="src\Shaders\Ray_header.hlsli">
      <Filter>Source Files\Shaders</Filter>
    </None>
    <None Include="src\Shaders\Ray_light.hlsli">
      <Filter>Source Files\Shaders</Filter>
    </None>
  </ItemGroup>
</Project>