<?xml version="1.0" encoding="utf-8"?>
<Project ToolsVersion="4.0" xmlns="http://schemas.microsoft.com/developer/msbuild/2003">
  <ItemGroup>
    <Filter Include="Source Files">
      <UniqueIdentifier>{4FC737F1-C7A5-4376-A066-2A32D752A2FF}</UniqueIdentifier>
      <Extensions>cpp;c;cc;cxx;c++;cppm;ixx;def;odl;idl;hpj;bat;asm;asmx</Extensions>
    </Filter>
    <Filter Include="Source Files\Input">
      <UniqueIdentifier>{47dc5862-9f95-4e77-8342-206793a4fcfd}</UniqueIdentifier>
    </Filter>
    <Filter Include="Source Files\Input\Listeners">
      <UniqueIdentifier>{dc0d804c-12bc-4146-bf97-2d5f1c776355}</UniqueIdentifier>
    </Filter>
  </ItemGroup>
  <ItemGroup>
    <ClCompile Include="src\Window.ixx">
      <Filter>Source Files</Filter>
    </ClCompile>
    <ClCompile Include="src\Window.cpp">
      <Filter>Source Files</Filter>
    </ClCompile>
    <ClCompile Include="src\Input.ixx">
      <Filter>Source Files\Input</Filter>
    </ClCompile>
    <ClCompile Include="src\Input.cpp">
      <Filter>Source Files\Input</Filter>
    </ClCompile>
    <ClCompile Include="src\Exception.ixx">
      <Filter>Source Files</Filter>
    </ClCompile>
    <ClCompile Include="src\KeyboardListener.ixx">
      <Filter>Source Files\Input\Listeners</Filter>
    </ClCompile>
    <ClCompile Include="src\KeyboardListener.cpp">
      <Filter>Source Files\Input\Listeners</Filter>
    </ClCompile>
  </ItemGroup>
</Project>