
Microsoft Visual Studio Solution File, Format Version 12.00
# Visual Studio Version 17
VisualStudioVersion = 17.6.33723.286
MinimumVisualStudioVersion = 10.0.40219.1
Project("{2150E333-8FDC-42A3-9474-1A3956D46DE8}") = "Libraries", "Libraries", "{0A753A91-892B-4151-A967-9CE41856E76B}"
EndProject
Project("{2150E333-8FDC-42A3-9474-1A3956D46DE8}") = "Projects", "Projects", "{615397A5-CE7D-4348-9306-56D359D027D7}"
EndProject
Project("{2150E333-8FDC-42A3-9474-1A3956D46DE8}") = "Templates", "Templates", "{518BC356-24BF-4E76-886D-E9DBF6C13496}"
EndProject
Project("{8BC9CEB8-8B4A-11D0-8D11-00A0C91BC942}") = "ToRe Library Template", "Templates\ToRe Library Template\ToRe Library Template.vcxproj", "{019788E5-B6A8-4B6C-82A9-0045C5AD57B8}"
EndProject
Project("{8BC9CEB8-8B4A-11D0-8D11-00A0C91BC942}") = "ToRe Project Template", "Templates\ToRe Project Template\ToRe Project Template.vcxproj", "{8213B3D3-63B9-4EE9-9D95-3ACD0239C536}"
EndProject
Project("{8BC9CEB8-8B4A-11D0-8D11-00A0C91BC942}") = "Sandbox", "Projects\Sandbox\Sandbox.vcxproj", "{C9431A5E-8376-42DB-B6BE-5CB1FB20847D}"
EndProject
Project("{8BC9CEB8-8B4A-11D0-8D11-00A0C91BC942}") = "Testing", "Projects\Testing\Testing.vcxproj", "{7D1F2134-737E-437E-9A91-C37F4C3CCDEA}"
EndProject
Project("{8BC9CEB8-8B4A-11D0-8D11-00A0C91BC942}") = "Essentials", "Libraries\Essentials\Essentials.vcxproj", "{A6C9E0EF-B690-4E00-9043-B534148CD9DA}"
EndProject
Global
	GlobalSection(SolutionConfigurationPlatforms) = preSolution
		Debug|x64 = Debug|x64
		Release|x64 = Release|x64
	EndGlobalSection
	GlobalSection(ProjectConfigurationPlatforms) = postSolution
		{019788E5-B6A8-4B6C-82A9-0045C5AD57B8}.Debug|x64.ActiveCfg = Debug|x64
		{019788E5-B6A8-4B6C-82A9-0045C5AD57B8}.Debug|x64.Build.0 = Debug|x64
		{019788E5-B6A8-4B6C-82A9-0045C5AD57B8}.Release|x64.ActiveCfg = Release|x64
		{019788E5-B6A8-4B6C-82A9-0045C5AD57B8}.Release|x64.Build.0 = Release|x64
		{8213B3D3-63B9-4EE9-9D95-3ACD0239C536}.Debug|x64.ActiveCfg = Debug|x64
		{8213B3D3-63B9-4EE9-9D95-3ACD0239C536}.Debug|x64.Build.0 = Debug|x64
		{8213B3D3-63B9-4EE9-9D95-3ACD0239C536}.Release|x64.ActiveCfg = Release|x64
		{8213B3D3-63B9-4EE9-9D95-3ACD0239C536}.Release|x64.Build.0 = Release|x64
		{C9431A5E-8376-42DB-B6BE-5CB1FB20847D}.Debug|x64.ActiveCfg = Debug|x64
		{C9431A5E-8376-42DB-B6BE-5CB1FB20847D}.Debug|x64.Build.0 = Debug|x64
		{C9431A5E-8376-42DB-B6BE-5CB1FB20847D}.Release|x64.ActiveCfg = Release|x64
		{C9431A5E-8376-42DB-B6BE-5CB1FB20847D}.Release|x64.Build.0 = Release|x64
		{7D1F2134-737E-437E-9A91-C37F4C3CCDEA}.Debug|x64.ActiveCfg = Debug|x64
		{7D1F2134-737E-437E-9A91-C37F4C3CCDEA}.Debug|x64.Build.0 = Debug|x64
		{7D1F2134-737E-437E-9A91-C37F4C3CCDEA}.Release|x64.ActiveCfg = Release|x64
		{7D1F2134-737E-437E-9A91-C37F4C3CCDEA}.Release|x64.Build.0 = Release|x64
		{A6C9E0EF-B690-4E00-9043-B534148CD9DA}.Debug|x64.ActiveCfg = Debug|x64
		{A6C9E0EF-B690-4E00-9043-B534148CD9DA}.Debug|x64.Build.0 = Debug|x64
		{A6C9E0EF-B690-4E00-9043-B534148CD9DA}.Release|x64.ActiveCfg = Release|x64
		{A6C9E0EF-B690-4E00-9043-B534148CD9DA}.Release|x64.Build.0 = Release|x64
	EndGlobalSection
	GlobalSection(SolutionProperties) = preSolution
		HideSolutionNode = FALSE
	EndGlobalSection
	GlobalSection(NestedProjects) = preSolution
		{019788E5-B6A8-4B6C-82A9-0045C5AD57B8} = {518BC356-24BF-4E76-886D-E9DBF6C13496}
		{8213B3D3-63B9-4EE9-9D95-3ACD0239C536} = {518BC356-24BF-4E76-886D-E9DBF6C13496}
		{C9431A5E-8376-42DB-B6BE-5CB1FB20847D} = {615397A5-CE7D-4348-9306-56D359D027D7}
		{7D1F2134-737E-437E-9A91-C37F4C3CCDEA} = {615397A5-CE7D-4348-9306-56D359D027D7}
		{A6C9E0EF-B690-4E00-9043-B534148CD9DA} = {0A753A91-892B-4151-A967-9CE41856E76B}
	EndGlobalSection
	GlobalSection(ExtensibilityGlobals) = postSolution
		SolutionGuid = {CE5F6B75-82A6-40BD-85C3-A9A412353009}
	EndGlobalSection
EndGlobal
