<?xml version="1.0" encoding="utf-8"?>
<Project ToolsVersion="4.0" xmlns="http://schemas.microsoft.com/developer/msbuild/2003">
  <ItemGroup>
    <Filter Include="Source Files">
      <UniqueIdentifier>{4FC737F1-C7A5-4376-A066-2A32D752A2FF}</UniqueIdentifier>
      <Extensions>cpp;c;cc;cxx;c++;cppm;ixx;def;odl;idl;hpj;bat;asm;asmx</Extensions>
    </Filter>
    <Filter Include="Source Files\Resources">
      <UniqueIdentifier>{7baa57ca-5fb8-4df7-bb90-154a9359996e}</UniqueIdentifier>
    </Filter>
    <Filter Include="Source Files\Commands">
      <UniqueIdentifier>{937cde8a-681c-4e1d-b7fd-8e6351e3c59c}</UniqueIdentifier>
    </Filter>
    <Filter Include="Source Files\Graphics">
      <UniqueIdentifier>{073089e1-f529-406e-b756-f696e0fd4cec}</UniqueIdentifier>
    </Filter>
    <Filter Include="Source Files\Rendering">
      <UniqueIdentifier>{8af79463-e705-4716-825a-7aefb9d4ef5f}</UniqueIdentifier>
    </Filter>
  </ItemGroup>
  <ItemGroup>
    <ClCompile Include="src\Device.ixx">
      <Filter>Source Files</Filter>
    </ClCompile>
    <ClCompile Include="src\Definitions.ixx">
      <Filter>Source Files</Filter>
    </ClCompile>
    <ClCompile Include="src\Exception.ixx">
      <Filter>Source Files</Filter>
    </ClCompile>
    <ClCompile Include="src\Device.cpp">
      <Filter>Source Files</Filter>
    </ClCompile>
    <ClCompile Include="src\Formats.ixx">
      <Filter>Source Files</Filter>
    </ClCompile>
    <ClCompile Include="src\UploadResource.ixx">
      <Filter>Source Files\Resources</Filter>
    </ClCompile>
    <ClCompile Include="src\Resource.cpp">
      <Filter>Source Files\Resources</Filter>
    </ClCompile>
    <ClCompile Include="src\Resource.ixx">
      <Filter>Source Files\Resources</Filter>
    </ClCompile>
    <ClCompile Include="src\ResourceHeap.cpp">
      <Filter>Source Files\Resources</Filter>
    </ClCompile>
    <ClCompile Include="src\ResourceHeap.ixx">
      <Filter>Source Files\Resources</Filter>
    </ClCompile>
    <ClCompile Include="src\UploadResource.cpp">
      <Filter>Source Files\Resources</Filter>
    </ClCompile>
    <ClCompile Include="src\BufferResource.ixx">
      <Filter>Source Files\Resources</Filter>
    </ClCompile>
    <ClCompile Include="src\BufferResource.cpp">
      <Filter>Source Files\Resources</Filter>
    </ClCompile>
    <ClCompile Include="src\RenderTarget.ixx">
      <Filter>Source Files\Resources</Filter>
    </ClCompile>
    <ClCompile Include="src\RenderTarget.cpp">
      <Filter>Source Files\Resources</Filter>
    </ClCompile>
    <ClCompile Include="src\CommandAllocator.ixx">
      <Filter>Source Files\Commands</Filter>
    </ClCompile>
    <ClCompile Include="src\CommandAllocator.cpp">
      <Filter>Source Files\Commands</Filter>
    </ClCompile>
    <ClCompile Include="src\CommandList.ixx">
      <Filter>Source Files\Commands</Filter>
    </ClCompile>
    <ClCompile Include="src\CommandList.cpp">
      <Filter>Source Files\Commands</Filter>
    </ClCompile>
    <ClCompile Include="src\CommandQueue.ixx">
      <Filter>Source Files\Commands</Filter>
    </ClCompile>
    <ClCompile Include="src\CommandQueue.cpp">
      <Filter>Source Files\Commands</Filter>
    </ClCompile>
    <ClCompile Include="src\Graphics.ixx">
      <Filter>Source Files\Graphics</Filter>
    </ClCompile>
    <ClCompile Include="src\SwapChain.ixx">
      <Filter>Source Files\Graphics</Filter>
    </ClCompile>
    <ClCompile Include="src\SwapChain.cpp">
      <Filter>Source Files\Graphics</Filter>
    </ClCompile>
    <ClCompile Include="src\WindowGraphics.cpp">
      <Filter>Source Files\Graphics</Filter>
    </ClCompile>
    <ClCompile Include="src\ArrayResource.ixx">
      <Filter>Source Files\Resources</Filter>
    </ClCompile>
    <ClCompile Include="src\ArrayResource.cpp">
      <Filter>Source Files\Resources</Filter>
    </ClCompile>
    <ClCompile Include="src\VertexBuffer.ixx">
      <Filter>Source Files\Resources</Filter>
    </ClCompile>
    <ClCompile Include="src\VertexBuffer.cpp">
      <Filter>Source Files\Resources</Filter>
    </ClCompile>
    <ClCompile Include="src\WindowGraphics.ixx">
      <Filter>Source Files\Graphics</Filter>
    </ClCompile>
    <ClCompile Include="src\Shader.ixx">
      <Filter>Source Files\Rendering</Filter>
    </ClCompile>
    <ClCompile Include="src\Shader.cpp">
      <Filter>Source Files\Rendering</Filter>
    </ClCompile>
    <ClCompile Include="src\InputParameter.ixx">
      <Filter>Source Files\Rendering</Filter>
    </ClCompile>
    <ClCompile Include="src\InputParameter.cpp">
      <Filter>Source Files\Rendering</Filter>
    </ClCompile>
    <ClCompile Include="src\VertexLayout.ixx">
      <Filter>Source Files\Rendering</Filter>
    </ClCompile>
    <ClCompile Include="src\VertexLayout.cpp">
      <Filter>Source Files\Rendering</Filter>
    </ClCompile>
    <ClCompile Include="src\Renderer.ixx">
      <Filter>Source Files\Rendering</Filter>
    </ClCompile>
    <ClCompile Include="src\Renderer.cpp">
      <Filter>Source Files\Rendering</Filter>
    </ClCompile>
    <ClCompile Include="src\Debugging.ixx">
      <Filter>Source Files</Filter>
    </ClCompile>
    <ClCompile Include="src\Debugging.cpp">
      <Filter>Source Files</Filter>
    </ClCompile>
    <ClCompile Include="src\FullRenderer.ixx">
      <Filter>Source Files\Rendering</Filter>
    </ClCompile>
    <ClCompile Include="src\FullRenderer.cpp">
      <Filter>Source Files\Rendering</Filter>
    </ClCompile>
  </ItemGroup>
</Project>