<?xml version="1.0" encoding="utf-8"?>
<Project ToolsVersion="4.0" xmlns="http://schemas.microsoft.com/developer/msbuild/2003">
  <ItemGroup>
    <Filter Include="Source Files">
      <UniqueIdentifier>{4FC737F1-C7A5-4376-A066-2A32D752A2FF}</UniqueIdentifier>
      <Extensions>cpp;c;cc;cxx;c++;cppm;ixx;def;odl;idl;hpj;bat;asm;asmx</Extensions>
    </Filter>
    <Filter Include="Source Files\Decoding">
      <UniqueIdentifier>{7ccbf6e9-312e-47db-9d06-e9446d42196f}</UniqueIdentifier>
    </Filter>
    <Filter Include="Source Files\Utilities">
      <UniqueIdentifier>{4651ccd7-0c55-4238-8b65-a8b139503973}</UniqueIdentifier>
    </Filter>
  </ItemGroup>
  <ItemGroup>
    <ClCompile Include="src\FileDecoder.ixx">
      <Filter>Source Files\Decoding</Filter>
    </ClCompile>
    <ClCompile Include="src\FileDecoder.cpp">
      <Filter>Source Files\Decoding</Filter>
    </ClCompile>
    <ClCompile Include="src\Frame.cpp">
      <Filter>Source Files\Utilities</Filter>
    </ClCompile>
    <ClCompile Include="src\Frame.ixx">
      <Filter>Source Files\Utilities</Filter>
    </ClCompile>
    <ClCompile Include="src\Scaler.ixx">
      <Filter>Source Files\Utilities</Filter>
    </ClCompile>
    <ClCompile Include="src\Scaler.cpp">
      <Filter>Source Files\Utilities</Filter>
    </ClCompile>
    <ClCompile Include="src\Exception.ixx">
      <Filter>Source Files\Utilities</Filter>
    </ClCompile>
  </ItemGroup>
  <ItemGroup>
    <ClInclude Include="src\MediaHeader.h">
      <Filter>Source Files</Filter>
    </ClInclude>
  </ItemGroup>
</Project>